// !$*UTF8*$!
{
	archiveVersion = 1;
	classes = {
	};
	objectVersion = 55;
	objects = {

/* Begin PBXBuildFile section */
		5823E4A528C9BBD8002CB9AB /* ImagePicker.swift in Sources */ = {isa = PBXBuildFile; fileRef = 5823E4A428C9BBD8002CB9AB /* ImagePicker.swift */; };
		5823E4A728C9BFBF002CB9AB /* ImagePickerView.swift in Sources */ = {isa = PBXBuildFile; fileRef = 5823E4A628C9BFBF002CB9AB /* ImagePickerView.swift */; };
		5823E4A928C9C712002CB9AB /* PhotoPicker.swift in Sources */ = {isa = PBXBuildFile; fileRef = 5823E4A828C9C712002CB9AB /* PhotoPicker.swift */; };
		583F5AD128C8CC27009D38BE /* PopupView.swift in Sources */ = {isa = PBXBuildFile; fileRef = 583F5AD028C8CC27009D38BE /* PopupView.swift */; };
		58B5D70228C3260100D061CC /* catsApp.swift in Sources */ = {isa = PBXBuildFile; fileRef = 58B5D70128C3260100D061CC /* catsApp.swift */; };
		58B5D70428C3260100D061CC /* ContentView.swift in Sources */ = {isa = PBXBuildFile; fileRef = 58B5D70328C3260100D061CC /* ContentView.swift */; };
		58B5D70628C3260300D061CC /* Assets.xcassets in Resources */ = {isa = PBXBuildFile; fileRef = 58B5D70528C3260300D061CC /* Assets.xcassets */; };
		58B5D70928C3260300D061CC /* Preview Assets.xcassets in Resources */ = {isa = PBXBuildFile; fileRef = 58B5D70828C3260300D061CC /* Preview Assets.xcassets */; };
		58B5D71028C32B0200D061CC /* HomeView.swift in Sources */ = {isa = PBXBuildFile; fileRef = 58B5D70F28C32B0200D061CC /* HomeView.swift */; };
		58B5D71228C32B1D00D061CC /* MyView.swift in Sources */ = {isa = PBXBuildFile; fileRef = 58B5D71128C32B1D00D061CC /* MyView.swift */; };
		58B5D71628C3316A00D061CC /* HomeVM.swift in Sources */ = {isa = PBXBuildFile; fileRef = 58B5D71528C3316A00D061CC /* HomeVM.swift */; };
		58B5D71928C331AC00D061CC /* Alamofire in Frameworks */ = {isa = PBXBuildFile; productRef = 58B5D71828C331AC00D061CC /* Alamofire */; };
		58B5D71B28C3333900D061CC /* CatModel.swift in Sources */ = {isa = PBXBuildFile; fileRef = 58B5D71A28C3333900D061CC /* CatModel.swift */; };
		58B5D71E28C34F4D00D061CC /* Kingfisher in Frameworks */ = {isa = PBXBuildFile; productRef = 58B5D71D28C34F4D00D061CC /* Kingfisher */; };
		58C3E1E728C60C5E0006A678 /* ColorExtension.swift in Sources */ = {isa = PBXBuildFile; fileRef = 58C3E1E628C60C5E0006A678 /* ColorExtension.swift */; };
		58C3E1E928C615670006A678 /* MyVM.swift in Sources */ = {isa = PBXBuildFile; fileRef = 58C3E1E828C615670006A678 /* MyVM.swift */; };
		58C3E1EB28C616790006A678 /* MyModel.swift in Sources */ = {isa = PBXBuildFile; fileRef = 58C3E1EA28C616790006A678 /* MyModel.swift */; };
		58D6877628C75DDD006B7CC2 /* EncoderbleExtension.swift in Sources */ = {isa = PBXBuildFile; fileRef = 58D6877528C75DDD006B7CC2 /* EncoderbleExtension.swift */; };
		58D6877828C76C3D006B7CC2 /* ImageView.swift in Sources */ = {isa = PBXBuildFile; fileRef = 58D6877728C76C3D006B7CC2 /* ImageView.swift */; };
/* End PBXBuildFile section */

/* Begin PBXFileReference section */
		5823E4A428C9BBD8002CB9AB /* ImagePicker.swift */ = {isa = PBXFileReference; lastKnownFileType = sourcecode.swift; path = ImagePicker.swift; sourceTree = "<group>"; };
		5823E4A628C9BFBF002CB9AB /* ImagePickerView.swift */ = {isa = PBXFileReference; lastKnownFileType = sourcecode.swift; path = ImagePickerView.swift; sourceTree = "<group>"; };
		5823E4A828C9C712002CB9AB /* PhotoPicker.swift */ = {isa = PBXFileReference; lastKnownFileType = sourcecode.swift; path = PhotoPicker.swift; sourceTree = "<group>"; };
		583F5AD028C8CC27009D38BE /* PopupView.swift */ = {isa = PBXFileReference; lastKnownFileType = sourcecode.swift; path = PopupView.swift; sourceTree = "<group>"; };
		58B5D6FE28C3260100D061CC /* cats.app */ = {isa = PBXFileReference; explicitFileType = wrapper.application; includeInIndex = 0; path = cats.app; sourceTree = BUILT_PRODUCTS_DIR; };
		58B5D70128C3260100D061CC /* catsApp.swift */ = {isa = PBXFileReference; lastKnownFileType = sourcecode.swift; path = catsApp.swift; sourceTree = "<group>"; };
		58B5D70328C3260100D061CC /* ContentView.swift */ = {isa = PBXFileReference; lastKnownFileType = sourcecode.swift; path = ContentView.swift; sourceTree = "<group>"; };
		58B5D70528C3260300D061CC /* Assets.xcassets */ = {isa = PBXFileReference; lastKnownFileType = folder.assetcatalog; path = Assets.xcassets; sourceTree = "<group>"; };
		58B5D70828C3260300D061CC /* Preview Assets.xcassets */ = {isa = PBXFileReference; lastKnownFileType = folder.assetcatalog; path = "Preview Assets.xcassets"; sourceTree = "<group>"; };
		58B5D70F28C32B0200D061CC /* HomeView.swift */ = {isa = PBXFileReference; lastKnownFileType = sourcecode.swift; path = HomeView.swift; sourceTree = "<group>"; };
		58B5D71128C32B1D00D061CC /* MyView.swift */ = {isa = PBXFileReference; lastKnownFileType = sourcecode.swift; path = MyView.swift; sourceTree = "<group>"; };
		58B5D71528C3316A00D061CC /* HomeVM.swift */ = {isa = PBXFileReference; lastKnownFileType = sourcecode.swift; path = HomeVM.swift; sourceTree = "<group>"; };
		58B5D71A28C3333900D061CC /* CatModel.swift */ = {isa = PBXFileReference; lastKnownFileType = sourcecode.swift; path = CatModel.swift; sourceTree = "<group>"; };
		58C3E1E628C60C5E0006A678 /* ColorExtension.swift */ = {isa = PBXFileReference; lastKnownFileType = sourcecode.swift; path = ColorExtension.swift; sourceTree = "<group>"; };
		58C3E1E828C615670006A678 /* MyVM.swift */ = {isa = PBXFileReference; lastKnownFileType = sourcecode.swift; path = MyVM.swift; sourceTree = "<group>"; };
		58C3E1EA28C616790006A678 /* MyModel.swift */ = {isa = PBXFileReference; lastKnownFileType = sourcecode.swift; path = MyModel.swift; sourceTree = "<group>"; };
		58D6877528C75DDD006B7CC2 /* EncoderbleExtension.swift */ = {isa = PBXFileReference; lastKnownFileType = sourcecode.swift; path = EncoderbleExtension.swift; sourceTree = "<group>"; };
		58D6877728C76C3D006B7CC2 /* ImageView.swift */ = {isa = PBXFileReference; lastKnownFileType = sourcecode.swift; path = ImageView.swift; sourceTree = "<group>"; };
/* End PBXFileReference section */

/* Begin PBXFrameworksBuildPhase section */
		58B5D6FB28C3260100D061CC /* Frameworks */ = {
			isa = PBXFrameworksBuildPhase;
			buildActionMask = 2147483647;
			files = (
				58B5D71E28C34F4D00D061CC /* Kingfisher in Frameworks */,
				58B5D71928C331AC00D061CC /* Alamofire in Frameworks */,
			);
			runOnlyForDeploymentPostprocessing = 0;
		};
/* End PBXFrameworksBuildPhase section */

/* Begin PBXGroup section */
		58B5D6F528C3260100D061CC = {
			isa = PBXGroup;
			children = (
				58B5D70028C3260100D061CC /* cats */,
				58B5D6FF28C3260100D061CC /* Products */,
			);
			sourceTree = "<group>";
		};
		58B5D6FF28C3260100D061CC /* Products */ = {
			isa = PBXGroup;
			children = (
				58B5D6FE28C3260100D061CC /* cats.app */,
			);
			name = Products;
			sourceTree = "<group>";
		};
		58B5D70028C3260100D061CC /* cats */ = {
			isa = PBXGroup;
			children = (
				58C3E1E528C60C3D0006A678 /* Extension */,
				58B5D70128C3260100D061CC /* catsApp.swift */,
				58B5D70328C3260100D061CC /* ContentView.swift */,
				58B5D71428C32E8100D061CC /* My */,
				58B5D71328C32E7800D061CC /* Home */,
				58B5D70528C3260300D061CC /* Assets.xcassets */,
				58B5D70728C3260300D061CC /* Preview Content */,
				58B5D71A28C3333900D061CC /* CatModel.swift */,
				58C3E1EA28C616790006A678 /* MyModel.swift */,
			);
			path = cats;
			sourceTree = "<group>";
		};
		58B5D70728C3260300D061CC /* Preview Content */ = {
			isa = PBXGroup;
			children = (
				58B5D70828C3260300D061CC /* Preview Assets.xcassets */,
			);
			path = "Preview Content";
			sourceTree = "<group>";
		};
		58B5D71328C32E7800D061CC /* Home */ = {
			isa = PBXGroup;
			children = (
				58B5D70F28C32B0200D061CC /* HomeView.swift */,
				58B5D71528C3316A00D061CC /* HomeVM.swift */,
			);
			path = Home;
			sourceTree = "<group>";
		};
		58B5D71428C32E8100D061CC /* My */ = {
			isa = PBXGroup;
			children = (
				58B5D71128C32B1D00D061CC /* MyView.swift */,
				58C3E1E828C615670006A678 /* MyVM.swift */,
				58D6877728C76C3D006B7CC2 /* ImageView.swift */,
				583F5AD028C8CC27009D38BE /* PopupView.swift */,
				5823E4A428C9BBD8002CB9AB /* ImagePicker.swift */,
				5823E4A628C9BFBF002CB9AB /* ImagePickerView.swift */,
				5823E4A828C9C712002CB9AB /* PhotoPicker.swift */,
			);
			path = My;
			sourceTree = "<group>";
		};
		58C3E1E528C60C3D0006A678 /* Extension */ = {
			isa = PBXGroup;
			children = (
				58C3E1E628C60C5E0006A678 /* ColorExtension.swift */,
				58D6877528C75DDD006B7CC2 /* EncoderbleExtension.swift */,
			);
			path = Extension;
			sourceTree = "<group>";
		};
/* End PBXGroup section */

/* Begin PBXNativeTarget section */
		58B5D6FD28C3260100D061CC /* cats */ = {
			isa = PBXNativeTarget;
			buildConfigurationList = 58B5D70C28C3260300D061CC /* Build configuration list for PBXNativeTarget "cats" */;
			buildPhases = (
				58B5D6FA28C3260100D061CC /* Sources */,
				58B5D6FB28C3260100D061CC /* Frameworks */,
				58B5D6FC28C3260100D061CC /* Resources */,
			);
			buildRules = (
			);
			dependencies = (
			);
			name = cats;
			packageProductDependencies = (
				58B5D71828C331AC00D061CC /* Alamofire */,
				58B5D71D28C34F4D00D061CC /* Kingfisher */,
			);
			productName = cats;
			productReference = 58B5D6FE28C3260100D061CC /* cats.app */;
			productType = "com.apple.product-type.application";
		};
/* End PBXNativeTarget section */

/* Begin PBXProject section */
		58B5D6F628C3260100D061CC /* Project object */ = {
			isa = PBXProject;
			attributes = {
				BuildIndependentTargetsInParallel = 1;
				LastSwiftUpdateCheck = 1340;
				LastUpgradeCheck = 1340;
				TargetAttributes = {
					58B5D6FD28C3260100D061CC = {
						CreatedOnToolsVersion = 13.4.1;
					};
				};
			};
			buildConfigurationList = 58B5D6F928C3260100D061CC /* Build configuration list for PBXProject "cats" */;
			compatibilityVersion = "Xcode 13.0";
			developmentRegion = en;
			hasScannedForEncodings = 0;
			knownRegions = (
				en,
				Base,
			);
			mainGroup = 58B5D6F528C3260100D061CC;
			packageReferences = (
				58B5D71728C331AC00D061CC /* XCRemoteSwiftPackageReference "Alamofire" */,
				58B5D71C28C34F4D00D061CC /* XCRemoteSwiftPackageReference "Kingfisher" */,
			);
			productRefGroup = 58B5D6FF28C3260100D061CC /* Products */;
			projectDirPath = "";
			projectRoot = "";
			targets = (
				58B5D6FD28C3260100D061CC /* cats */,
			);
		};
/* End PBXProject section */

/* Begin PBXResourcesBuildPhase section */
		58B5D6FC28C3260100D061CC /* Resources */ = {
			isa = PBXResourcesBuildPhase;
			buildActionMask = 2147483647;
			files = (
				58B5D70928C3260300D061CC /* Preview Assets.xcassets in Resources */,
				58B5D70628C3260300D061CC /* Assets.xcassets in Resources */,
			);
			runOnlyForDeploymentPostprocessing = 0;
		};
/* End PBXResourcesBuildPhase section */

/* Begin PBXSourcesBuildPhase section */
		58B5D6FA28C3260100D061CC /* Sources */ = {
			isa = PBXSourcesBuildPhase;
			buildActionMask = 2147483647;
			files = (
				58D6877628C75DDD006B7CC2 /* EncoderbleExtension.swift in Sources */,
				58B5D71228C32B1D00D061CC /* MyView.swift in Sources */,
				58C3E1EB28C616790006A678 /* MyModel.swift in Sources */,
				58B5D71628C3316A00D061CC /* HomeVM.swift in Sources */,
				5823E4A728C9BFBF002CB9AB /* ImagePickerView.swift in Sources */,
				58D6877828C76C3D006B7CC2 /* ImageView.swift in Sources */,
				58B5D71B28C3333900D061CC /* CatModel.swift in Sources */,
				58B5D71028C32B0200D061CC /* HomeView.swift in Sources */,
				5823E4A928C9C712002CB9AB /* PhotoPicker.swift in Sources */,
				58B5D70428C3260100D061CC /* ContentView.swift in Sources */,
				58C3E1E728C60C5E0006A678 /* ColorExtension.swift in Sources */,
				5823E4A528C9BBD8002CB9AB /* ImagePicker.swift in Sources */,
				583F5AD128C8CC27009D38BE /* PopupView.swift in Sources */,
				58C3E1E928C615670006A678 /* MyVM.swift in Sources */,
				58B5D70228C3260100D061CC /* catsApp.swift in Sources */,
			);
			runOnlyForDeploymentPostprocessing = 0;
		};
/* End PBXSourcesBuildPhase section */

/* Begin XCBuildConfiguration section */
		58B5D70A28C3260300D061CC /* Debug */ = {
			isa = XCBuildConfiguration;
			buildSettings = {
				ALWAYS_SEARCH_USER_PATHS = NO;
				CLANG_ANALYZER_NONNULL = YES;
				CLANG_ANALYZER_NUMBER_OBJECT_CONVERSION = YES_AGGRESSIVE;
				CLANG_CXX_LANGUAGE_STANDARD = "gnu++17";
				CLANG_ENABLE_MODULES = YES;
				CLANG_ENABLE_OBJC_ARC = YES;
				CLANG_ENABLE_OBJC_WEAK = YES;
				CLANG_WARN_BLOCK_CAPTURE_AUTORELEASING = YES;
				CLANG_WARN_BOOL_CONVERSION = YES;
				CLANG_WARN_COMMA = YES;
				CLANG_WARN_CONSTANT_CONVERSION = YES;
				CLANG_WARN_DEPRECATED_OBJC_IMPLEMENTATIONS = YES;
				CLANG_WARN_DIRECT_OBJC_ISA_USAGE = YES_ERROR;
				CLANG_WARN_DOCUMENTATION_COMMENTS = YES;
				CLANG_WARN_EMPTY_BODY = YES;
				CLANG_WARN_ENUM_CONVERSION = YES;
				CLANG_WARN_INFINITE_RECURSION = YES;
				CLANG_WARN_INT_CONVERSION = YES;
				CLANG_WARN_NON_LITERAL_NULL_CONVERSION = YES;
				CLANG_WARN_OBJC_IMPLICIT_RETAIN_SELF = YES;
				CLANG_WARN_OBJC_LITERAL_CONVERSION = YES;
				CLANG_WARN_OBJC_ROOT_CLASS = YES_ERROR;
				CLANG_WARN_QUOTED_INCLUDE_IN_FRAMEWORK_HEADER = YES;
				CLANG_WARN_RANGE_LOOP_ANALYSIS = YES;
				CLANG_WARN_STRICT_PROTOTYPES = YES;
				CLANG_WARN_SUSPICIOUS_MOVE = YES;
				CLANG_WARN_UNGUARDED_AVAILABILITY = YES_AGGRESSIVE;
				CLANG_WARN_UNREACHABLE_CODE = YES;
				CLANG_WARN__DUPLICATE_METHOD_MATCH = YES;
				COPY_PHASE_STRIP = NO;
				DEBUG_INFORMATION_FORMAT = dwarf;
				ENABLE_STRICT_OBJC_MSGSEND = YES;
				ENABLE_TESTABILITY = YES;
				GCC_C_LANGUAGE_STANDARD = gnu11;
				GCC_DYNAMIC_NO_PIC = NO;
				GCC_NO_COMMON_BLOCKS = YES;
				GCC_OPTIMIZATION_LEVEL = 0;
				GCC_PREPROCESSOR_DEFINITIONS = (
					"DEBUG=1",
					"$(inherited)",
				);
				GCC_WARN_64_TO_32_BIT_CONVERSION = YES;
				GCC_WARN_ABOUT_RETURN_TYPE = YES_ERROR;
				GCC_WARN_UNDECLARED_SELECTOR = YES;
				GCC_WARN_UNINITIALIZED_AUTOS = YES_AGGRESSIVE;
				GCC_WARN_UNUSED_FUNCTION = YES;
				GCC_WARN_UNUSED_VARIABLE = YES;
				IPHONEOS_DEPLOYMENT_TARGET = 15.5;
				MTL_ENABLE_DEBUG_INFO = INCLUDE_SOURCE;
				MTL_FAST_MATH = YES;
				ONLY_ACTIVE_ARCH = YES;
				SDKROOT = iphoneos;
				SWIFT_ACTIVE_COMPILATION_CONDITIONS = DEBUG;
				SWIFT_OPTIMIZATION_LEVEL = "-Onone";
			};
			name = Debug;
		};
		58B5D70B28C3260300D061CC /* Release */ = {
			isa = XCBuildConfiguration;
			buildSettings = {
				ALWAYS_SEARCH_USER_PATHS = NO;
				CLANG_ANALYZER_NONNULL = YES;
				CLANG_ANALYZER_NUMBER_OBJECT_CONVERSION = YES_AGGRESSIVE;
				CLANG_CXX_LANGUAGE_STANDARD = "gnu++17";
				CLANG_ENABLE_MODULES = YES;
				CLANG_ENABLE_OBJC_ARC = YES;
				CLANG_ENABLE_OBJC_WEAK = YES;
				CLANG_WARN_BLOCK_CAPTURE_AUTORELEASING = YES;
				CLANG_WARN_BOOL_CONVERSION = YES;
				CLANG_WARN_COMMA = YES;
				CLANG_WARN_CONSTANT_CONVERSION = YES;
				CLANG_WARN_DEPRECATED_OBJC_IMPLEMENTATIONS = YES;
				CLANG_WARN_DIRECT_OBJC_ISA_USAGE = YES_ERROR;
				CLANG_WARN_DOCUMENTATION_COMMENTS = YES;
				CLANG_WARN_EMPTY_BODY = YES;
				CLANG_WARN_ENUM_CONVERSION = YES;
				CLANG_WARN_INFINITE_RECURSION = YES;
				CLANG_WARN_INT_CONVERSION = YES;
				CLANG_WARN_NON_LITERAL_NULL_CONVERSION = YES;
				CLANG_WARN_OBJC_IMPLICIT_RETAIN_SELF = YES;
				CLANG_WARN_OBJC_LITERAL_CONVERSION = YES;
				CLANG_WARN_OBJC_ROOT_CLASS = YES_ERROR;
				CLANG_WARN_QUOTED_INCLUDE_IN_FRAMEWORK_HEADER = YES;
				CLANG_WARN_RANGE_LOOP_ANALYSIS = YES;
				CLANG_WARN_STRICT_PROTOTYPES = YES;
				CLANG_WARN_SUSPICIOUS_MOVE = YES;
				CLANG_WARN_UNGUARDED_AVAILABILITY = YES_AGGRESSIVE;
				CLANG_WARN_UNREACHABLE_CODE = YES;
				CLANG_WARN__DUPLICATE_METHOD_MATCH = YES;
				COPY_PHASE_STRIP = NO;
				DEBUG_INFORMATION_FORMAT = "dwarf-with-dsym";
				ENABLE_NS_ASSERTIONS = NO;
				ENABLE_STRICT_OBJC_MSGSEND = YES;
				GCC_C_LANGUAGE_STANDARD = gnu11;
				GCC_NO_COMMON_BLOCKS = YES;
				GCC_WARN_64_TO_32_BIT_CONVERSION = YES;
				GCC_WARN_ABOUT_RETURN_TYPE = YES_ERROR;
				GCC_WARN_UNDECLARED_SELECTOR = YES;
				GCC_WARN_UNINITIALIZED_AUTOS = YES_AGGRESSIVE;
				GCC_WARN_UNUSED_FUNCTION = YES;
				GCC_WARN_UNUSED_VARIABLE = YES;
				IPHONEOS_DEPLOYMENT_TARGET = 15.5;
				MTL_ENABLE_DEBUG_INFO = NO;
				MTL_FAST_MATH = YES;
				SDKROOT = iphoneos;
				SWIFT_COMPILATION_MODE = wholemodule;
				SWIFT_OPTIMIZATION_LEVEL = "-O";
				VALIDATE_PRODUCT = YES;
			};
			name = Release;
		};
		58B5D70D28C3260300D061CC /* Debug */ = {
			isa = XCBuildConfiguration;
			buildSettings = {
				ASSETCATALOG_COMPILER_APPICON_NAME = AppIcon;
				ASSETCATALOG_COMPILER_GLOBAL_ACCENT_COLOR_NAME = AccentColor;
				CODE_SIGN_STYLE = Automatic;
				CURRENT_PROJECT_VERSION = 1;
				DEVELOPMENT_ASSET_PATHS = "\"cats/Preview Content\"";
				DEVELOPMENT_TEAM = 55R62292CP;
				ENABLE_PREVIEWS = YES;
				GENERATE_INFOPLIST_FILE = YES;
				INFOPLIST_KEY_UIApplicationSceneManifest_Generation = YES;
				INFOPLIST_KEY_UIApplicationSupportsIndirectInputEvents = YES;
				INFOPLIST_KEY_UILaunchScreen_Generation = YES;
				INFOPLIST_KEY_UISupportedInterfaceOrientations_iPad = "UIInterfaceOrientationPortrait UIInterfaceOrientationPortraitUpsideDown UIInterfaceOrientationLandscapeLeft UIInterfaceOrientationLandscapeRight";
				INFOPLIST_KEY_UISupportedInterfaceOrientations_iPhone = "UIInterfaceOrientationPortrait UIInterfaceOrientationLandscapeLeft UIInterfaceOrientationLandscapeRight";
				IPHONEOS_DEPLOYMENT_TARGET = 14.0;
				LD_RUNPATH_SEARCH_PATHS = (
					"$(inherited)",
					"@executable_path/Frameworks",
				);
				MARKETING_VERSION = 1.0;
				PRODUCT_BUNDLE_IDENTIFIER = com.shseo.cats;
				PRODUCT_NAME = "$(TARGET_NAME)";
				SWIFT_EMIT_LOC_STRINGS = YES;
				SWIFT_VERSION = 5.0;
				TARGETED_DEVICE_FAMILY = "1,2";
			};
			name = Debug;
		};
		58B5D70E28C3260300D061CC /* Release */ = {
			isa = XCBuildConfiguration;
			buildSettings = {
				ASSETCATALOG_COMPILER_APPICON_NAME = AppIcon;
				ASSETCATALOG_COMPILER_GLOBAL_ACCENT_COLOR_NAME = AccentColor;
				CODE_SIGN_STYLE = Automatic;
				CURRENT_PROJECT_VERSION = 1;
				DEVELOPMENT_ASSET_PATHS = "\"cats/Preview Content\"";
				DEVELOPMENT_TEAM = 55R62292CP;
				ENABLE_PREVIEWS = YES;
				GENERATE_INFOPLIST_FILE = YES;
				INFOPLIST_KEY_UIApplicationSceneManifest_Generation = YES;
				INFOPLIST_KEY_UIApplicationSupportsIndirectInputEvents = YES;
				INFOPLIST_KEY_UILaunchScreen_Generation = YES;
				INFOPLIST_KEY_UISupportedInterfaceOrientations_iPad = "UIInterfaceOrientationPortrait UIInterfaceOrientationPortraitUpsideDown UIInterfaceOrientationLandscapeLeft UIInterfaceOrientationLandscapeRight";
				INFOPLIST_KEY_UISupportedInterfaceOrientations_iPhone = "UIInterfaceOrientationPortrait UIInterfaceOrientationLandscapeLeft UIInterfaceOrientationLandscapeRight";
				IPHONEOS_DEPLOYMENT_TARGET = 14.0;
				LD_RUNPATH_SEARCH_PATHS = (
					"$(inherited)",
					"@executable_path/Frameworks",
				);
				MARKETING_VERSION = 1.0;
				PRODUCT_BUNDLE_IDENTIFIER = com.shseo.cats;
				PRODUCT_NAME = "$(TARGET_NAME)";
				SWIFT_EMIT_LOC_STRINGS = YES;
				SWIFT_VERSION = 5.0;
				TARGETED_DEVICE_FAMILY = "1,2";
			};
			name = Release;
		};
/* End XCBuildConfiguration section */

/* Begin XCConfigurationList section */
		58B5D6F928C3260100D061CC /* Build configuration list for PBXProject "cats" */ = {
			isa = XCConfigurationList;
			buildConfigurations = (
				58B5D70A28C3260300D061CC /* Debug */,
				58B5D70B28C3260300D061CC /* Release */,
			);
			defaultConfigurationIsVisible = 0;
			defaultConfigurationName = Release;
		};
		58B5D70C28C3260300D061CC /* Build configuration list for PBXNativeTarget "cats" */ = {
			isa = XCConfigurationList;
			buildConfigurations = (
				58B5D70D28C3260300D061CC /* Debug */,
				58B5D70E28C3260300D061CC /* Release */,
			);
			defaultConfigurationIsVisible = 0;
			defaultConfigurationName = Release;
		};
/* End XCConfigurationList section */

/* Begin XCRemoteSwiftPackageReference section */
		58B5D71728C331AC00D061CC /* XCRemoteSwiftPackageReference "Alamofire" */ = {
			isa = XCRemoteSwiftPackageReference;
			repositoryURL = "https://github.com/Alamofire/Alamofire.git";
			requirement = {
				kind = upToNextMajorVersion;
				minimumVersion = 5.0.0;
			};
		};
		58B5D71C28C34F4D00D061CC /* XCRemoteSwiftPackageReference "Kingfisher" */ = {
			isa = XCRemoteSwiftPackageReference;
			repositoryURL = "https://github.com/onevcat/Kingfisher.git";
			requirement = {
				kind = upToNextMajorVersion;
				minimumVersion = 7.0.0;
			};
		};
/* End XCRemoteSwiftPackageReference section */

/* Begin XCSwiftPackageProductDependency section */
		58B5D71828C331AC00D061CC /* Alamofire */ = {
			isa = XCSwiftPackageProductDependency;
			package = 58B5D71728C331AC00D061CC /* XCRemoteSwiftPackageReference "Alamofire" */;
			productName = Alamofire;
		};
		58B5D71D28C34F4D00D061CC /* Kingfisher */ = {
			isa = XCSwiftPackageProductDependency;
			package = 58B5D71C28C34F4D00D061CC /* XCRemoteSwiftPackageReference "Kingfisher" */;
			productName = Kingfisher;
		};
/* End XCSwiftPackageProductDependency section */
	};
	rootObject = 58B5D6F628C3260100D061CC /* Project object */;
}
